github.com/davecgh/go-spew v1.1.1 h1:vj9j/u1bqnvCEfJOwUhtlOARqs3+rkHYY13jYWTU97c=
github.com/davecgh/go-spew v1.1.1/go.mod h1:J7Y8YcW2NihsgmVo/mv3lAwl/skON4iLHjSsI+c5H38=
github.com/kr/fs v0.1.0 h1:Jskdu9ieNAYnjxsi0LbQp1ulIKZV1LAFgK1tWhpZgl8=
github.com/kr/fs v0.1.0/go.mod h1:FFnZGqtBN9Gxj7eW1uZ42v5BccTP0vu6NEaFoC2HwRg=
github.com/pkg/sftp v1.13.10 h1:+5FbKNTe5Z9aspU88DPIKJ9z2KZoaGCu6Sr6kKR/5mU=
github.com/pkg/sftp v1.13.10/go.mod h1:bJ1a7uDhrX/4OII+agvy28lzRvQrmIQuaHrcI1HbeGA=
github.com/pmezard/go-difflib v1.0.0 h1:4DBwDE0NGyQoBHbLQYPwSUPoCMWR5BEzIk/f1lZbAQM=
github.com/pmezard/go-difflib v1.0.0/go.mod h1:iKH77koFhYxTK1pcRnkKkqfTogsbg7gZNVY4sRDYZ/4=
github.com/stretchr/testify v1.10.0 h1:Xv5erBjTwe/5IxqUQTdXv5kgmIvbHo3QQyRwhJsOfJA=
github.com/stretchr/testify v1.10.0/go.mod h1:r2ic/lqez/lEtzL7wO/rwa5dbSLXVDPFyf8C91i36aY=
github.com/visvasity/appdirs v0.0.0-20260906163548-5bcbed2142de h1:XkCwIG0FsPYuN1ce9Pqf7VV+Ebmwm6NHbcPnhFO1TPk=
github.com/visvasity/appdirs v0.0.0-20260906163548-5bcbed2142de/go.mod h1:6G21XEzwLTL5ikW/B221QizjyzV0T+4KZ/2geBiXMFE=
github.com/visvasity/cli v0.0.0-20250729021438-02a4793adfad h1:qC4yIrwF7GYfYfRBUVZhJebzJEHTQrHysgmbNG5s/LU=
github.com/visvasity/cli v0.0.0-20250729021438-02a4793adfad/go.mod h1:ILMwbw7ura6UQfgCh3IIKnXBa267vHTBP/qNn6gAnYA=
github.com/visvasity/logdir v0.0.0-20260827142731-da26907bec48 h1:Q5oD2qE0KhpoN0I6rvDrP2328ZRv4lcd6AhL1+Stlwk=
github.com/visvasity/logdir v0.0.0-20260827142731-da26907bec48/go.mod h1:F60lXCL/TdkwYiQ850lIsQNbOna2d+skTVT+f1Idg5Q=
github.com/visvasity/runcmd v0.0.0-20260906182823-7f680e156784 h1:OFn5PzqwRpLjySIZ5GM7vKiPtuvvSFJfR3l9V+aJJWI=
github.com/visvasity/runcmd v0.0.0-20260906182823-7f680e156784/go.mod h1:vrpNR86gTsuDuWSwTyCbrP3B+WqU29xLzh/SxNj8vHU=
github.com/visvasity/shcmd v0.0.0-20260530015806-73b805606199 h1:H2bvXp2NJTi+UTsrLZh3J/dkZKTxyyMmyr9zlbJzCuc=
github.com/visvasity/shcmd v0.0.0-20260530015806-73b805606199/go.mod h1:ZQhTliQ9X7ecllr1Z/AzA/74M19Z/b6IfuTPmmY2W74=
github.com/visvasity/unixcmds v0.0.0-20260911033739-93fb4cd05096 h1:LaQSODROm+5aFNrGyiFrdnFonRZBVxJf9oX0BDv7W00=
github.com/visvasity/unixcmds v0.0.0-20260911033739-93fb4cd05096/go.mod h1:7E1I53gggfk/NlUmeucMnkqOHFfsLF3zKossKhf1upM=
golang.org/x/crypto v0.52.0 h1:RMs7fP2rXdep0CftQlK8Uf+kibLm7qkCcradZWYz988=
golang.org/x/crypto v0.52.0/go.mod h1:1QgfPxDqh0T2M/elOJtp9RvuR95kVjir0e6/BvEmGbc=
golang.org/x/sys v0.45.0 h1:dO4czNzziLiiXplLQgBCEpCvXQ3dnkn0SdaZSYdQ+FY=
golang.org/x/sys v0.45.0/go.mod h1:4GL1E5IUh+htKOUEOaiffhrAeqysfVGipDYzABqnCmw=
golang.org/x/term v0.43.0 h1:S4RLU2sB31O/NCl+zFN9Aru9A/Cq2aqKpTZJ6B+DwT4=
golang.org/x/term v0.43.0/go.mod h1:lrhlHNdQJHO+1qVYiHfFKVuVioJIheAc3fBSMFYEIsk=
gopkg.in/yaml.v3 v3.0.1 h1:fxVm/GzAzEWqLHuvctI91KS9hhNmmWOoWu0XTYJS7CA=
gopkg.in/yaml.v3 v3.0.1/go.mod h1:K4uyk7z7BCEPqu6E+C64Yfv1cQ7kz7rIZviUmN+EgEM=
